
Microsoft Visual Studio Solution File, Format Version 12.00
# Visual Studio Version 17
VisualStudioVersion = 17.3.32825.248
MinimumVisualStudioVersion = 10.0.40219.1
Project("{FAE04EC0-301F-11D3-BF4B-00C04F79EFBC}") = "union", "FileBundler\union.csproj", "{6AF7E5C7-0367-4EDF-AA66-72A8A3DDBE98}"
EndProject
Global
	GlobalSection(SolutionConfigurationPlatforms) = preSolution
		Debug|Any CPU = Debug|Any CPU
		Release|Any CPU = Release|Any CPU
	EndGlobalSection
	GlobalSection(ProjectConfigurationPlatforms) = postSolution
		{6AF7E5C7-0367-4EDF-AA66-72A8A3DDBE98}.Debug|Any CPU.ActiveCfg = Debug|Any CPU
		{6AF7E5C7-0367-4EDF-AA66-72A8A3DDBE98}.Debug|Any CPU.Build.0 = Debug|Any CPU
		{6AF7E5C7-0367-4EDF-AA66-72A8A3DDBE98}.Release|Any CPU.ActiveCfg = Release|Any CPU
		{6AF7E5C7-0367-4EDF-AA66-72A8A3DDBE98}.Release|Any CPU.Build.0 = Release|Any CPU
	EndGlobalSection
	GlobalSection(SolutionProperties) = preSolution
		HideSolutionNode = FALSE
	EndGlobalSection
	GlobalSection(ExtensibilityGlobals) = postSolution
		SolutionGuid = {243301C0-0F6A-43ED-8FCF-5F8FA5BD0A4C}
	EndGlobalSection
EndGlobal
